
Microsoft Visual Studio Solution File, Format Version 12.00
# Visual Studio 15
VisualStudioVersion = 15.0.27130.2024
MinimumVisualStudioVersion = 10.0.40219.1
Project("{2150E333-8FDC-42A3-9474-1A3956D46DE8}") = ".nuget", ".nuget", "{E736B54E-3F6A-4B4F-AE7F-CEC89B50759A}"
	ProjectSection(SolutionItems) = preProject
		NuGet.Config = NuGet.Config
		nuget.exe = nuget.exe
		PublishNugets.bat = PublishNugets.bat
	EndProjectSection
EndProject
Project("{2150E333-8FDC-42A3-9474-1A3956D46DE8}") = "Aleph1.Utilities", "Aleph1.Utilities", "{ACD6CF11-DFDB-4AAB-93D5-6645C38917B2}"
EndProject
Project("{FAE04EC0-301F-11D3-BF4B-00C04F79EFBC}") = "Aleph1.Utilities", "Aleph1.Utilities\Aleph1.Utilities.csproj", "{0FF1B982-B380-4AA6-A7D2-5D298679402C}"
EndProject
Project("{2150E333-8FDC-42A3-9474-1A3956D46DE8}") = ".solution", ".solution", "{1408A32E-D513-4E65-88F2-A8A5BC5C203B}"
	ProjectSection(SolutionItems) = preProject
		.gitattributes = .gitattributes
		.gitignore = .gitignore
	EndProjectSection
EndProject
Project("{2150E333-8FDC-42A3-9474-1A3956D46DE8}") = "Aleph1.DI", "Aleph1.DI", "{B6A902AE-3492-4363-AFC3-539DF6713B2B}"
EndProject
Project("{FAE04EC0-301F-11D3-BF4B-00C04F79EFBC}") = "Aleph1.DI.Contracts", "Aleph1.DI.Contracts\Aleph1.DI.Contracts.csproj", "{5A7814B8-4FF2-4E9D-8A1C-8FAD9101805C}"
EndProject
Project("{FAE04EC0-301F-11D3-BF4B-00C04F79EFBC}") = "Aleph1.DI.UnityImplementation", "Aleph1.DI.UnityImplementation\Aleph1.DI.UnityImplementation.csproj", "{C4E7B496-1A10-40A3-8817-294ED03704AF}"
EndProject
Project("{2150E333-8FDC-42A3-9474-1A3956D46DE8}") = "Aleph1.WebAPI.ExceptionHandler", "Aleph1.WebAPI.ExceptionHandler", "{12B7D42B-619B-46C7-AD97-64C244698F03}"
EndProject
Project("{FAE04EC0-301F-11D3-BF4B-00C04F79EFBC}") = "Aleph1.WebAPI.ExceptionHandler", "Aleph1.WebAPI.ExceptionHandler\Aleph1.WebAPI.ExceptionHandler.csproj", "{DDD3286F-7F7A-4C33-BE69-9647929CDD36}"
EndProject
Project("{2150E333-8FDC-42A3-9474-1A3956D46DE8}") = "Aleph1.Logging", "Aleph1.Logging", "{DAEF5E87-1B4E-4DC4-A552-2B94F1313E0C}"
EndProject
Project("{FAE04EC0-301F-11D3-BF4B-00C04F79EFBC}") = "Aleph1.Logging", "Aleph1.Logging\Aleph1.Logging.csproj", "{0CADD366-3365-4522-A7BF-F0D16C369CB3}"
EndProject
Project("{2150E333-8FDC-42A3-9474-1A3956D46DE8}") = "Aleph1.Skeletons", "Aleph1.Skeletons", "{C91BA559-A7F3-42C3-B172-D6D457920CD1}"
EndProject
Project("{FAE04EC0-301F-11D3-BF4B-00C04F79EFBC}") = "Aleph1.Skeletons.WebAPI", "Aleph1.Skeletons.WebAPI\Aleph1.Skeletons.WebAPI.csproj", "{5078D56E-740B-469B-A528-DB79FE266C5F}"
EndProject
Global
	GlobalSection(SolutionConfigurationPlatforms) = preSolution
		Debug|Any CPU = Debug|Any CPU
		Release|Any CPU = Release|Any CPU
	EndGlobalSection
	GlobalSection(ProjectConfigurationPlatforms) = postSolution
		{0FF1B982-B380-4AA6-A7D2-5D298679402C}.Debug|Any CPU.ActiveCfg = Debug|Any CPU
		{0FF1B982-B380-4AA6-A7D2-5D298679402C}.Debug|Any CPU.Build.0 = Debug|Any CPU
		{0FF1B982-B380-4AA6-A7D2-5D298679402C}.Release|Any CPU.ActiveCfg = Release|Any CPU
		{0FF1B982-B380-4AA6-A7D2-5D298679402C}.Release|Any CPU.Build.0 = Release|Any CPU
		{5A7814B8-4FF2-4E9D-8A1C-8FAD9101805C}.Debug|Any CPU.ActiveCfg = Debug|Any CPU
		{5A7814B8-4FF2-4E9D-8A1C-8FAD9101805C}.Debug|Any CPU.Build.0 = Debug|Any CPU
		{5A7814B8-4FF2-4E9D-8A1C-8FAD9101805C}.Release|Any CPU.ActiveCfg = Release|Any CPU
		{5A7814B8-4FF2-4E9D-8A1C-8FAD9101805C}.Release|Any CPU.Build.0 = Release|Any CPU
		{C4E7B496-1A10-40A3-8817-294ED03704AF}.Debug|Any CPU.ActiveCfg = Debug|Any CPU
		{C4E7B496-1A10-40A3-8817-294ED03704AF}.Debug|Any CPU.Build.0 = Debug|Any CPU
		{C4E7B496-1A10-40A3-8817-294ED03704AF}.Release|Any CPU.ActiveCfg = Release|Any CPU
		{C4E7B496-1A10-40A3-8817-294ED03704AF}.Release|Any CPU.Build.0 = Release|Any CPU
		{DDD3286F-7F7A-4C33-BE69-9647929CDD36}.Debug|Any CPU.ActiveCfg = Debug|Any CPU
		{DDD3286F-7F7A-4C33-BE69-9647929CDD36}.Debug|Any CPU.Build.0 = Debug|Any CPU
		{DDD3286F-7F7A-4C33-BE69-9647929CDD36}.Release|Any CPU.ActiveCfg = Release|Any CPU
		{DDD3286F-7F7A-4C33-BE69-9647929CDD36}.Release|Any CPU.Build.0 = Release|Any CPU
		{0CADD366-3365-4522-A7BF-F0D16C369CB3}.Debug|Any CPU.ActiveCfg = Debug|Any CPU
		{0CADD366-3365-4522-A7BF-F0D16C369CB3}.Debug|Any CPU.Build.0 = Debug|Any CPU
		{0CADD366-3365-4522-A7BF-F0D16C369CB3}.Release|Any CPU.ActiveCfg = Release|Any CPU
		{0CADD366-3365-4522-A7BF-F0D16C369CB3}.Release|Any CPU.Build.0 = Release|Any CPU
		{5078D56E-740B-469B-A528-DB79FE266C5F}.Debug|Any CPU.ActiveCfg = Debug|Any CPU
		{5078D56E-740B-469B-A528-DB79FE266C5F}.Debug|Any CPU.Build.0 = Debug|Any CPU
		{5078D56E-740B-469B-A528-DB79FE266C5F}.Release|Any CPU.ActiveCfg = Release|Any CPU
		{5078D56E-740B-469B-A528-DB79FE266C5F}.Release|Any CPU.Build.0 = Release|Any CPU
	EndGlobalSection
	GlobalSection(SolutionProperties) = preSolution
		HideSolutionNode = FALSE
	EndGlobalSection
	GlobalSection(NestedProjects) = preSolution
		{0FF1B982-B380-4AA6-A7D2-5D298679402C} = {ACD6CF11-DFDB-4AAB-93D5-6645C38917B2}
		{5A7814B8-4FF2-4E9D-8A1C-8FAD9101805C} = {B6A902AE-3492-4363-AFC3-539DF6713B2B}
		{C4E7B496-1A10-40A3-8817-294ED03704AF} = {B6A902AE-3492-4363-AFC3-539DF6713B2B}
		{DDD3286F-7F7A-4C33-BE69-9647929CDD36} = {12B7D42B-619B-46C7-AD97-64C244698F03}
		{0CADD366-3365-4522-A7BF-F0D16C369CB3} = {DAEF5E87-1B4E-4DC4-A552-2B94F1313E0C}
		{5078D56E-740B-469B-A528-DB79FE266C5F} = {C91BA559-A7F3-42C3-B172-D6D457920CD1}
	EndGlobalSection
	GlobalSection(ExtensibilityGlobals) = postSolution
		SolutionGuid = {528F5B2B-5A72-400F-A5C0-FF33FAF8E163}
	EndGlobalSection
EndGlobal
