
Microsoft Visual Studio Solution File, Format Version 12.00
# Visual Studio 15
VisualStudioVersion = 15.0.27130.2027
MinimumVisualStudioVersion = 10.0.40219.1
Project("{2150E333-8FDC-42A3-9474-1A3956D46DE8}") = ".nuget", ".nuget", "{E736B54E-3F6A-4B4F-AE7F-CEC89B50759A}"
	ProjectSection(SolutionItems) = preProject
		NuGet.Config = NuGet.Config
		nuget.exe = nuget.exe
		PublishNugets.bat = PublishNugets.bat
	EndProjectSection
EndProject
Project("{2150E333-8FDC-42A3-9474-1A3956D46DE8}") = "1. Aleph1.Utilities", "1. Aleph1.Utilities", "{ACD6CF11-DFDB-4AAB-93D5-6645C38917B2}"
EndProject
Project("{2150E333-8FDC-42A3-9474-1A3956D46DE8}") = ".solution", ".solution", "{1408A32E-D513-4E65-88F2-A8A5BC5C203B}"
	ProjectSection(SolutionItems) = preProject
		.gitattributes = .gitattributes
		.gitignore = .gitignore
		README.md = README.md
	EndProjectSection
EndProject
Project("{2150E333-8FDC-42A3-9474-1A3956D46DE8}") = "0. Aleph1.DI", "0. Aleph1.DI", "{B6A902AE-3492-4363-AFC3-539DF6713B2B}"
EndProject
Project("{2150E333-8FDC-42A3-9474-1A3956D46DE8}") = "3. Aleph1.WebAPI.ExceptionHandler", "3. Aleph1.WebAPI.ExceptionHandler", "{12B7D42B-619B-46C7-AD97-64C244698F03}"
EndProject
Project("{2150E333-8FDC-42A3-9474-1A3956D46DE8}") = "2. Aleph1.Logging", "2. Aleph1.Logging", "{DAEF5E87-1B4E-4DC4-A552-2B94F1313E0C}"
EndProject
Project("{2150E333-8FDC-42A3-9474-1A3956D46DE8}") = "4. Aleph1.Security", "4. Aleph1.Security", "{84434352-B4A2-432B-A96E-F8652306342B}"
EndProject
Project("{9A19103F-16F7-4668-BE54-9A1E7A4F7556}") = "Aleph1.DI.Contracts", "Aleph1.DI.Contracts\Aleph1.DI.Contracts.csproj", "{F9DCAC9C-4063-4836-9975-7AAC60CEAE69}"
EndProject
Project("{9A19103F-16F7-4668-BE54-9A1E7A4F7556}") = "Aleph1.DI.CustomConfigurationSection", "Aleph1.DI.CustomConfigurationSection\Aleph1.DI.CustomConfigurationSection.csproj", "{4A79B0A7-55B0-4F84-8355-C2D5BA7EE7BF}"
EndProject
Project("{9A19103F-16F7-4668-BE54-9A1E7A4F7556}") = "Aleph1.DI.UnityImplementation", "Aleph1.DI.UnityImplementation\Aleph1.DI.UnityImplementation.csproj", "{714E1B8F-9991-43B7-8903-9F6321B89D6F}"
EndProject
Project("{9A19103F-16F7-4668-BE54-9A1E7A4F7556}") = "Aleph1.Utilities", "Aleph1.Utilities\Aleph1.Utilities.csproj", "{F9E30980-269F-4021-8880-871C856C8349}"
EndProject
Project("{9A19103F-16F7-4668-BE54-9A1E7A4F7556}") = "Aleph1.WebAPI.ExceptionHandler", "Aleph1.WebAPI.ExceptionHandler\Aleph1.WebAPI.ExceptionHandler.csproj", "{A8F5C501-7CFA-4A43-9DB8-432E444DDC48}"
EndProject
Project("{9A19103F-16F7-4668-BE54-9A1E7A4F7556}") = "Aleph1.Security.Contracts", "Aleph1.Security.Contracts\Aleph1.Security.Contracts.csproj", "{3B055DBE-7E97-46C2-968C-382694377882}"
EndProject
Project("{9A19103F-16F7-4668-BE54-9A1E7A4F7556}") = "Aleph1.Security.Implementation.3DES", "Aleph1.Security.Implementation.3DES\Aleph1.Security.Implementation.3DES.csproj", "{C1E516CA-A48D-4446-B535-CA60CF22B6F9}"
EndProject
Project("{9A19103F-16F7-4668-BE54-9A1E7A4F7556}") = "Aleph1.Logging", "Aleph1.Logging\Aleph1.Logging.csproj", "{51EA994D-1D45-420C-81D4-2C7B8F2BFC54}"
EndProject
Global
	GlobalSection(SolutionConfigurationPlatforms) = preSolution
		Debug|Any CPU = Debug|Any CPU
		Release|Any CPU = Release|Any CPU
	EndGlobalSection
	GlobalSection(ProjectConfigurationPlatforms) = postSolution
		{F9DCAC9C-4063-4836-9975-7AAC60CEAE69}.Debug|Any CPU.ActiveCfg = Debug|Any CPU
		{F9DCAC9C-4063-4836-9975-7AAC60CEAE69}.Debug|Any CPU.Build.0 = Debug|Any CPU
		{F9DCAC9C-4063-4836-9975-7AAC60CEAE69}.Release|Any CPU.ActiveCfg = Release|Any CPU
		{F9DCAC9C-4063-4836-9975-7AAC60CEAE69}.Release|Any CPU.Build.0 = Release|Any CPU
		{4A79B0A7-55B0-4F84-8355-C2D5BA7EE7BF}.Debug|Any CPU.ActiveCfg = Debug|Any CPU
		{4A79B0A7-55B0-4F84-8355-C2D5BA7EE7BF}.Debug|Any CPU.Build.0 = Debug|Any CPU
		{4A79B0A7-55B0-4F84-8355-C2D5BA7EE7BF}.Release|Any CPU.ActiveCfg = Release|Any CPU
		{4A79B0A7-55B0-4F84-8355-C2D5BA7EE7BF}.Release|Any CPU.Build.0 = Release|Any CPU
		{714E1B8F-9991-43B7-8903-9F6321B89D6F}.Debug|Any CPU.ActiveCfg = Debug|Any CPU
		{714E1B8F-9991-43B7-8903-9F6321B89D6F}.Debug|Any CPU.Build.0 = Debug|Any CPU
		{714E1B8F-9991-43B7-8903-9F6321B89D6F}.Release|Any CPU.ActiveCfg = Release|Any CPU
		{714E1B8F-9991-43B7-8903-9F6321B89D6F}.Release|Any CPU.Build.0 = Release|Any CPU
		{F9E30980-269F-4021-8880-871C856C8349}.Debug|Any CPU.ActiveCfg = Debug|Any CPU
		{F9E30980-269F-4021-8880-871C856C8349}.Debug|Any CPU.Build.0 = Debug|Any CPU
		{F9E30980-269F-4021-8880-871C856C8349}.Release|Any CPU.ActiveCfg = Release|Any CPU
		{F9E30980-269F-4021-8880-871C856C8349}.Release|Any CPU.Build.0 = Release|Any CPU
		{A8F5C501-7CFA-4A43-9DB8-432E444DDC48}.Debug|Any CPU.ActiveCfg = Debug|Any CPU
		{A8F5C501-7CFA-4A43-9DB8-432E444DDC48}.Debug|Any CPU.Build.0 = Debug|Any CPU
		{A8F5C501-7CFA-4A43-9DB8-432E444DDC48}.Release|Any CPU.ActiveCfg = Release|Any CPU
		{A8F5C501-7CFA-4A43-9DB8-432E444DDC48}.Release|Any CPU.Build.0 = Release|Any CPU
		{3B055DBE-7E97-46C2-968C-382694377882}.Debug|Any CPU.ActiveCfg = Debug|Any CPU
		{3B055DBE-7E97-46C2-968C-382694377882}.Debug|Any CPU.Build.0 = Debug|Any CPU
		{3B055DBE-7E97-46C2-968C-382694377882}.Release|Any CPU.ActiveCfg = Release|Any CPU
		{3B055DBE-7E97-46C2-968C-382694377882}.Release|Any CPU.Build.0 = Release|Any CPU
		{C1E516CA-A48D-4446-B535-CA60CF22B6F9}.Debug|Any CPU.ActiveCfg = Debug|Any CPU
		{C1E516CA-A48D-4446-B535-CA60CF22B6F9}.Debug|Any CPU.Build.0 = Debug|Any CPU
		{C1E516CA-A48D-4446-B535-CA60CF22B6F9}.Release|Any CPU.ActiveCfg = Release|Any CPU
		{C1E516CA-A48D-4446-B535-CA60CF22B6F9}.Release|Any CPU.Build.0 = Release|Any CPU
		{51EA994D-1D45-420C-81D4-2C7B8F2BFC54}.Debug|Any CPU.ActiveCfg = Debug|Any CPU
		{51EA994D-1D45-420C-81D4-2C7B8F2BFC54}.Debug|Any CPU.Build.0 = Debug|Any CPU
		{51EA994D-1D45-420C-81D4-2C7B8F2BFC54}.Release|Any CPU.ActiveCfg = Release|Any CPU
		{51EA994D-1D45-420C-81D4-2C7B8F2BFC54}.Release|Any CPU.Build.0 = Release|Any CPU
	EndGlobalSection
	GlobalSection(SolutionProperties) = preSolution
		HideSolutionNode = FALSE
	EndGlobalSection
	GlobalSection(NestedProjects) = preSolution
		{F9DCAC9C-4063-4836-9975-7AAC60CEAE69} = {B6A902AE-3492-4363-AFC3-539DF6713B2B}
		{4A79B0A7-55B0-4F84-8355-C2D5BA7EE7BF} = {B6A902AE-3492-4363-AFC3-539DF6713B2B}
		{714E1B8F-9991-43B7-8903-9F6321B89D6F} = {B6A902AE-3492-4363-AFC3-539DF6713B2B}
		{F9E30980-269F-4021-8880-871C856C8349} = {ACD6CF11-DFDB-4AAB-93D5-6645C38917B2}
		{A8F5C501-7CFA-4A43-9DB8-432E444DDC48} = {12B7D42B-619B-46C7-AD97-64C244698F03}
		{3B055DBE-7E97-46C2-968C-382694377882} = {84434352-B4A2-432B-A96E-F8652306342B}
		{C1E516CA-A48D-4446-B535-CA60CF22B6F9} = {84434352-B4A2-432B-A96E-F8652306342B}
		{51EA994D-1D45-420C-81D4-2C7B8F2BFC54} = {DAEF5E87-1B4E-4DC4-A552-2B94F1313E0C}
	EndGlobalSection
	GlobalSection(ExtensibilityGlobals) = postSolution
		SolutionGuid = {528F5B2B-5A72-400F-A5C0-FF33FAF8E163}
	EndGlobalSection
EndGlobal
